
Microsoft Visual Studio Solution File, Format Version 12.00
# Visual Studio Version 16
VisualStudioVersion = 16.0.31205.134
MinimumVisualStudioVersion = 10.0.40219.1
Project("{FAE04EC0-301F-11D3-BF4B-00C04F79EFBC}") = "Oppgave4", "Oppgave4\Oppgave4.csproj", "{3ACCF8BF-D37D-446E-87E5-90D9A2FB72E4}"
EndProject
Global
	GlobalSection(SolutionConfigurationPlatforms) = preSolution
		Debug|Any CPU = Debug|Any CPU
		Release|Any CPU = Release|Any CPU
	EndGlobalSection
	GlobalSection(ProjectConfigurationPlatforms) = postSolution
		{3ACCF8BF-D37D-446E-87E5-90D9A2FB72E4}.Debug|Any CPU.ActiveCfg = Debug|Any CPU
		{3ACCF8BF-D37D-446E-87E5-90D9A2FB72E4}.Debug|Any CPU.Build.0 = Debug|Any CPU
		{3ACCF8BF-D37D-446E-87E5-90D9A2FB72E4}.Release|Any CPU.ActiveCfg = Release|Any CPU
		{3ACCF8BF-D37D-446E-87E5-90D9A2FB72E4}.Release|Any CPU.Build.0 = Release|Any CPU
	EndGlobalSection
	GlobalSection(SolutionProperties) = preSolution
		HideSolutionNode = FALSE
	EndGlobalSection
	GlobalSection(ExtensibilityGlobals) = postSolution
		SolutionGuid = {E1545901-1CE0-4464-8FA7-E1F9CE61FB71}
	EndGlobalSection
EndGlobal
