
Microsoft Visual Studio Solution File, Format Version 12.00
# Visual Studio Version 16
VisualStudioVersion = 16.0.31205.134
MinimumVisualStudioVersion = 10.0.40219.1
Project("{FAE04EC0-301F-11D3-BF4B-00C04F79EFBC}") = "Oppgave10.7", "Oppgave10.7\Oppgave10.7.csproj", "{1E548512-DF93-4768-ABD6-F722A4982ABC}"
EndProject
Global
	GlobalSection(SolutionConfigurationPlatforms) = preSolution
		Debug|Any CPU = Debug|Any CPU
		Release|Any CPU = Release|Any CPU
	EndGlobalSection
	GlobalSection(ProjectConfigurationPlatforms) = postSolution
		{1E548512-DF93-4768-ABD6-F722A4982ABC}.Debug|Any CPU.ActiveCfg = Debug|Any CPU
		{1E548512-DF93-4768-ABD6-F722A4982ABC}.Debug|Any CPU.Build.0 = Debug|Any CPU
		{1E548512-DF93-4768-ABD6-F722A4982ABC}.Release|Any CPU.ActiveCfg = Release|Any CPU
		{1E548512-DF93-4768-ABD6-F722A4982ABC}.Release|Any CPU.Build.0 = Release|Any CPU
	EndGlobalSection
	GlobalSection(SolutionProperties) = preSolution
		HideSolutionNode = FALSE
	EndGlobalSection
	GlobalSection(ExtensibilityGlobals) = postSolution
		SolutionGuid = {F5F93451-A1CC-41A8-A822-1243B7DCE5AD}
	EndGlobalSection
EndGlobal
